
Microsoft Visual Studio Solution File, Format Version 12.00
# Visual Studio 15
VisualStudioVersion = 15.0.26430.15
MinimumVisualStudioVersion = 10.0.40219.1
Project("{2150E333-8FDC-42A3-9474-1A3956D46DE8}") = "Model", "Model", "{DB6B1389-FB72-4194-92CC-33176DBA88F2}"
EndProject
Project("{9A19103F-16F7-4668-BE54-9A1E7A4F7556}") = "Model.Entity", "Model.Entity\Model.Entity.csproj", "{73EBC471-F52A-4440-A6A4-4F805B5242EF}"
EndProject
Project("{2150E333-8FDC-42A3-9474-1A3956D46DE8}") = "DataDAL", "DataDAL", "{391246EB-E77F-4F5B-8A26-3FC88DF0605D}"
EndProject
Project("{9A19103F-16F7-4668-BE54-9A1E7A4F7556}") = "DAL", "DAL\DAL.csproj", "{3D30943D-C503-4EE4-91C5-9E3B299054F4}"
EndProject
Project("{2150E333-8FDC-42A3-9474-1A3956D46DE8}") = "DataBLL", "DataBLL", "{47FF5111-87D5-459C-A7B9-8515055358B5}"
EndProject
Project("{9A19103F-16F7-4668-BE54-9A1E7A4F7556}") = "BLL", "BLL\BLL.csproj", "{5CD5CFB7-7F87-4042-928C-36020F94721A}"
EndProject
Project("{2150E333-8FDC-42A3-9474-1A3956D46DE8}") = "Web", "Web", "{9EDA9231-2469-4A46-8C0D-E046095E3CDA}"
EndProject
Project("{2150E333-8FDC-42A3-9474-1A3956D46DE8}") = "Backstage", "Backstage", "{F0F933A7-32FD-4813-B209-4D4E6185EA4B}"
EndProject
Project("{FAE04EC0-301F-11D3-BF4B-00C04F79EFBC}") = "ZhouliSystem", "ZhouliSystem\ZhouliSystem.csproj", "{D434EF44-E000-4177-A1EE-B2B7C07AFA03}"
EndProject
Global
	GlobalSection(SolutionConfigurationPlatforms) = preSolution
		Debug|Any CPU = Debug|Any CPU
		Release|Any CPU = Release|Any CPU
	EndGlobalSection
	GlobalSection(ProjectConfigurationPlatforms) = postSolution
		{73EBC471-F52A-4440-A6A4-4F805B5242EF}.Debug|Any CPU.ActiveCfg = Debug|Any CPU
		{73EBC471-F52A-4440-A6A4-4F805B5242EF}.Debug|Any CPU.Build.0 = Debug|Any CPU
		{73EBC471-F52A-4440-A6A4-4F805B5242EF}.Release|Any CPU.ActiveCfg = Release|Any CPU
		{73EBC471-F52A-4440-A6A4-4F805B5242EF}.Release|Any CPU.Build.0 = Release|Any CPU
		{3D30943D-C503-4EE4-91C5-9E3B299054F4}.Debug|Any CPU.ActiveCfg = Debug|Any CPU
		{3D30943D-C503-4EE4-91C5-9E3B299054F4}.Debug|Any CPU.Build.0 = Debug|Any CPU
		{3D30943D-C503-4EE4-91C5-9E3B299054F4}.Release|Any CPU.ActiveCfg = Release|Any CPU
		{3D30943D-C503-4EE4-91C5-9E3B299054F4}.Release|Any CPU.Build.0 = Release|Any CPU
		{5CD5CFB7-7F87-4042-928C-36020F94721A}.Debug|Any CPU.ActiveCfg = Debug|Any CPU
		{5CD5CFB7-7F87-4042-928C-36020F94721A}.Debug|Any CPU.Build.0 = Debug|Any CPU
		{5CD5CFB7-7F87-4042-928C-36020F94721A}.Release|Any CPU.ActiveCfg = Release|Any CPU
		{5CD5CFB7-7F87-4042-928C-36020F94721A}.Release|Any CPU.Build.0 = Release|Any CPU
		{D434EF44-E000-4177-A1EE-B2B7C07AFA03}.Debug|Any CPU.ActiveCfg = Debug|Any CPU
		{D434EF44-E000-4177-A1EE-B2B7C07AFA03}.Debug|Any CPU.Build.0 = Debug|Any CPU
		{D434EF44-E000-4177-A1EE-B2B7C07AFA03}.Release|Any CPU.ActiveCfg = Release|Any CPU
		{D434EF44-E000-4177-A1EE-B2B7C07AFA03}.Release|Any CPU.Build.0 = Release|Any CPU
	EndGlobalSection
	GlobalSection(SolutionProperties) = preSolution
		HideSolutionNode = FALSE
	EndGlobalSection
	GlobalSection(NestedProjects) = preSolution
		{73EBC471-F52A-4440-A6A4-4F805B5242EF} = {DB6B1389-FB72-4194-92CC-33176DBA88F2}
		{3D30943D-C503-4EE4-91C5-9E3B299054F4} = {391246EB-E77F-4F5B-8A26-3FC88DF0605D}
		{5CD5CFB7-7F87-4042-928C-36020F94721A} = {47FF5111-87D5-459C-A7B9-8515055358B5}
		{F0F933A7-32FD-4813-B209-4D4E6185EA4B} = {9EDA9231-2469-4A46-8C0D-E046095E3CDA}
		{D434EF44-E000-4177-A1EE-B2B7C07AFA03} = {F0F933A7-32FD-4813-B209-4D4E6185EA4B}
	EndGlobalSection
	GlobalSection(ExtensibilityGlobals) = postSolution
		SolutionGuid = {09D7755F-1126-4D92-B9BC-6C7617F07E09}
	EndGlobalSection
EndGlobal
