
Microsoft Visual Studio Solution File, Format Version 12.00
# Visual Studio 15
VisualStudioVersion = 15.0.26430.15
MinimumVisualStudioVersion = 10.0.40219.1
Project("{2150E333-8FDC-42A3-9474-1A3956D46DE8}") = "Model", "Model", "{DB6B1389-FB72-4194-92CC-33176DBA88F2}"
EndProject
Project("{2150E333-8FDC-42A3-9474-1A3956D46DE8}") = "DataDAL", "DataDAL", "{391246EB-E77F-4F5B-8A26-3FC88DF0605D}"
EndProject
Project("{2150E333-8FDC-42A3-9474-1A3956D46DE8}") = "DataBLL", "DataBLL", "{47FF5111-87D5-459C-A7B9-8515055358B5}"
EndProject
Project("{2150E333-8FDC-42A3-9474-1A3956D46DE8}") = "Web", "Web", "{9EDA9231-2469-4A46-8C0D-E046095E3CDA}"
EndProject
Project("{2150E333-8FDC-42A3-9474-1A3956D46DE8}") = "Backstage", "Backstage", "{F0F933A7-32FD-4813-B209-4D4E6185EA4B}"
EndProject
Project("{2150E333-8FDC-42A3-9474-1A3956D46DE8}") = "Common", "Common", "{7353C4E8-B413-4EAC-933E-91949A4A987F}"
EndProject
Project("{9A19103F-16F7-4668-BE54-9A1E7A4F7556}") = "Zhouli.Common", "Zhouli.Common\Zhouli.Common.csproj", "{5E4BC049-DC96-489B-A7A5-39BAAD8FBC33}"
EndProject
Project("{2150E333-8FDC-42A3-9474-1A3956D46DE8}") = "Solution Items", "Solution Items", "{B7690F56-FF9A-4793-A892-026D9737E91C}"
	ProjectSection(SolutionItems) = preProject
		项目开发日志.txt = 项目开发日志.txt
	EndProjectSection
EndProject
Project("{2150E333-8FDC-42A3-9474-1A3956D46DE8}") = "DIProvider", "DIProvider", "{53117944-A150-4493-BDCA-10E104B639FC}"
EndProject
Project("{9A19103F-16F7-4668-BE54-9A1E7A4F7556}") = "Zhouli.DbEntity", "Zhouli.DbEntity\Zhouli.DbEntity.csproj", "{C0AE24AB-3432-41C7-B802-8E13EBBBA18C}"
EndProject
Project("{2150E333-8FDC-42A3-9474-1A3956D46DE8}") = "WebApi", "WebApi", "{0CF46149-D62D-4418-86E6-F260336DDF8F}"
EndProject
Project("{2150E333-8FDC-42A3-9474-1A3956D46DE8}") = "Reception", "Reception", "{5DF44D4F-626E-4C22-845D-6F9C78A7E150}"
EndProject
Project("{9A19103F-16F7-4668-BE54-9A1E7A4F7556}") = "Blog", "Blog\Blog.csproj", "{B590F29F-327B-416A-915A-F4F6D7470388}"
EndProject
Project("{2150E333-8FDC-42A3-9474-1A3956D46DE8}") = "DataDto", "DataDto", "{1919A4CD-98F9-4B34-9047-C641E1C06FB3}"
EndProject
Project("{9A19103F-16F7-4668-BE54-9A1E7A4F7556}") = "Zhouli.Dto", "Zhouli.Dto\Zhouli.Dto.csproj", "{8FD5014E-4AFF-4671-87C6-F96946FFD7FA}"
EndProject
Project("{9A19103F-16F7-4668-BE54-9A1E7A4F7556}") = "Zhouli.DI", "Zhouli.DI\Zhouli.DI.csproj", "{F04DFE3B-A3AB-4826-B5FC-5918E7B026CF}"
EndProject
Project("{9A19103F-16F7-4668-BE54-9A1E7A4F7556}") = "Zhouli.BlogWebApi", "Zhouli.BlogWebApi\Zhouli.BlogWebApi.csproj", "{B02868F3-ABC2-4F51-9826-29AD2CEDE9A2}"
EndProject
Project("{9A19103F-16F7-4668-BE54-9A1E7A4F7556}") = "Zhouli.Bms", "Zhouli.Bms\Zhouli.Bms.csproj", "{8EA3B202-EF00-4760-9D1F-9177CCD6348B}"
EndProject
Project("{9A19103F-16F7-4668-BE54-9A1E7A4F7556}") = "Zhouli.DAL", "Zhouli.DAL\Zhouli.DAL.csproj", "{FAD1D604-8A18-4845-A855-C206C9D791E0}"
EndProject
Project("{9A19103F-16F7-4668-BE54-9A1E7A4F7556}") = "Zhouli.BLL", "Zhouli.BLL\Zhouli.BLL.csproj", "{83498982-C927-4371-A1A8-26EA7F1311B7}"
EndProject
Global
	GlobalSection(SolutionConfigurationPlatforms) = preSolution
		Debug|Any CPU = Debug|Any CPU
		Release|Any CPU = Release|Any CPU
	EndGlobalSection
	GlobalSection(ProjectConfigurationPlatforms) = postSolution
		{5E4BC049-DC96-489B-A7A5-39BAAD8FBC33}.Debug|Any CPU.ActiveCfg = Debug|Any CPU
		{5E4BC049-DC96-489B-A7A5-39BAAD8FBC33}.Debug|Any CPU.Build.0 = Debug|Any CPU
		{5E4BC049-DC96-489B-A7A5-39BAAD8FBC33}.Release|Any CPU.ActiveCfg = Release|Any CPU
		{5E4BC049-DC96-489B-A7A5-39BAAD8FBC33}.Release|Any CPU.Build.0 = Release|Any CPU
		{C0AE24AB-3432-41C7-B802-8E13EBBBA18C}.Debug|Any CPU.ActiveCfg = Debug|Any CPU
		{C0AE24AB-3432-41C7-B802-8E13EBBBA18C}.Debug|Any CPU.Build.0 = Debug|Any CPU
		{C0AE24AB-3432-41C7-B802-8E13EBBBA18C}.Release|Any CPU.ActiveCfg = Release|Any CPU
		{C0AE24AB-3432-41C7-B802-8E13EBBBA18C}.Release|Any CPU.Build.0 = Release|Any CPU
		{B590F29F-327B-416A-915A-F4F6D7470388}.Debug|Any CPU.ActiveCfg = Debug|Any CPU
		{B590F29F-327B-416A-915A-F4F6D7470388}.Debug|Any CPU.Build.0 = Debug|Any CPU
		{B590F29F-327B-416A-915A-F4F6D7470388}.Release|Any CPU.ActiveCfg = Release|Any CPU
		{B590F29F-327B-416A-915A-F4F6D7470388}.Release|Any CPU.Build.0 = Release|Any CPU
		{8FD5014E-4AFF-4671-87C6-F96946FFD7FA}.Debug|Any CPU.ActiveCfg = Debug|Any CPU
		{8FD5014E-4AFF-4671-87C6-F96946FFD7FA}.Debug|Any CPU.Build.0 = Debug|Any CPU
		{8FD5014E-4AFF-4671-87C6-F96946FFD7FA}.Release|Any CPU.ActiveCfg = Release|Any CPU
		{8FD5014E-4AFF-4671-87C6-F96946FFD7FA}.Release|Any CPU.Build.0 = Release|Any CPU
		{F04DFE3B-A3AB-4826-B5FC-5918E7B026CF}.Debug|Any CPU.ActiveCfg = Debug|Any CPU
		{F04DFE3B-A3AB-4826-B5FC-5918E7B026CF}.Debug|Any CPU.Build.0 = Debug|Any CPU
		{F04DFE3B-A3AB-4826-B5FC-5918E7B026CF}.Release|Any CPU.ActiveCfg = Release|Any CPU
		{F04DFE3B-A3AB-4826-B5FC-5918E7B026CF}.Release|Any CPU.Build.0 = Release|Any CPU
		{B02868F3-ABC2-4F51-9826-29AD2CEDE9A2}.Debug|Any CPU.ActiveCfg = Debug|Any CPU
		{B02868F3-ABC2-4F51-9826-29AD2CEDE9A2}.Debug|Any CPU.Build.0 = Debug|Any CPU
		{B02868F3-ABC2-4F51-9826-29AD2CEDE9A2}.Release|Any CPU.ActiveCfg = Release|Any CPU
		{B02868F3-ABC2-4F51-9826-29AD2CEDE9A2}.Release|Any CPU.Build.0 = Release|Any CPU
		{8EA3B202-EF00-4760-9D1F-9177CCD6348B}.Debug|Any CPU.ActiveCfg = Debug|Any CPU
		{8EA3B202-EF00-4760-9D1F-9177CCD6348B}.Debug|Any CPU.Build.0 = Debug|Any CPU
		{8EA3B202-EF00-4760-9D1F-9177CCD6348B}.Release|Any CPU.ActiveCfg = Release|Any CPU
		{8EA3B202-EF00-4760-9D1F-9177CCD6348B}.Release|Any CPU.Build.0 = Release|Any CPU
		{FAD1D604-8A18-4845-A855-C206C9D791E0}.Debug|Any CPU.ActiveCfg = Debug|Any CPU
		{FAD1D604-8A18-4845-A855-C206C9D791E0}.Debug|Any CPU.Build.0 = Debug|Any CPU
		{FAD1D604-8A18-4845-A855-C206C9D791E0}.Release|Any CPU.ActiveCfg = Release|Any CPU
		{FAD1D604-8A18-4845-A855-C206C9D791E0}.Release|Any CPU.Build.0 = Release|Any CPU
		{83498982-C927-4371-A1A8-26EA7F1311B7}.Debug|Any CPU.ActiveCfg = Debug|Any CPU
		{83498982-C927-4371-A1A8-26EA7F1311B7}.Debug|Any CPU.Build.0 = Debug|Any CPU
		{83498982-C927-4371-A1A8-26EA7F1311B7}.Release|Any CPU.ActiveCfg = Release|Any CPU
		{83498982-C927-4371-A1A8-26EA7F1311B7}.Release|Any CPU.Build.0 = Release|Any CPU
	EndGlobalSection
	GlobalSection(SolutionProperties) = preSolution
		HideSolutionNode = FALSE
	EndGlobalSection
	GlobalSection(NestedProjects) = preSolution
		{F0F933A7-32FD-4813-B209-4D4E6185EA4B} = {9EDA9231-2469-4A46-8C0D-E046095E3CDA}
		{5E4BC049-DC96-489B-A7A5-39BAAD8FBC33} = {7353C4E8-B413-4EAC-933E-91949A4A987F}
		{C0AE24AB-3432-41C7-B802-8E13EBBBA18C} = {DB6B1389-FB72-4194-92CC-33176DBA88F2}
		{0CF46149-D62D-4418-86E6-F260336DDF8F} = {9EDA9231-2469-4A46-8C0D-E046095E3CDA}
		{5DF44D4F-626E-4C22-845D-6F9C78A7E150} = {9EDA9231-2469-4A46-8C0D-E046095E3CDA}
		{B590F29F-327B-416A-915A-F4F6D7470388} = {5DF44D4F-626E-4C22-845D-6F9C78A7E150}
		{8FD5014E-4AFF-4671-87C6-F96946FFD7FA} = {1919A4CD-98F9-4B34-9047-C641E1C06FB3}
		{F04DFE3B-A3AB-4826-B5FC-5918E7B026CF} = {53117944-A150-4493-BDCA-10E104B639FC}
		{B02868F3-ABC2-4F51-9826-29AD2CEDE9A2} = {0CF46149-D62D-4418-86E6-F260336DDF8F}
		{8EA3B202-EF00-4760-9D1F-9177CCD6348B} = {F0F933A7-32FD-4813-B209-4D4E6185EA4B}
		{FAD1D604-8A18-4845-A855-C206C9D791E0} = {391246EB-E77F-4F5B-8A26-3FC88DF0605D}
		{83498982-C927-4371-A1A8-26EA7F1311B7} = {47FF5111-87D5-459C-A7B9-8515055358B5}
	EndGlobalSection
	GlobalSection(ExtensibilityGlobals) = postSolution
		SolutionGuid = {09D7755F-1126-4D92-B9BC-6C7617F07E09}
	EndGlobalSection
EndGlobal
